<?xml version="1.0" encoding="UTF-8" standalone="yes" ?>
<CodeBlocks_project_file>
	<FileVersion major="1" minor="6" />
	<Project>
		<Option title="AD" />
		<Option pch_mode="2" />
		<Option compiler="gcc" />
		<Build>
			<Target title="Debug">
				<Option output="bin/Debug/AD" prefix_auto="1" extension_auto="1" />
				<Option object_output="obj/Debug/" />
				<Option type="1" />
				<Option compiler="gcc" />
				<Compiler>
					<Add option="-g" />
				</Compiler>
			</Target>
			<Target title="Release">
				<Option output="bin/Release/AD" prefix_auto="1" extension_auto="1" />
				<Option object_output="obj/Release/" />
				<Option type="1" />
				<Option compiler="gcc" />
				<Compiler>
					<Add option="-O2" />
				</Compiler>
				<Linker>
					<Add option="-s" />
				</Linker>
			</Target>
			<Target title="Test">
				<Option output="AD_test" prefix_auto="1" extension_auto="1" />
				<Option type="0" />
				<Option compiler="gcc" />
				<Compiler>
					<Add directory="googletest/googletest/include" />
					<Add directory="include" />
				</Compiler>
				<Linker>
					<Add library="C:/Users/tatki/Documents/PHOTONICS/Biophotonics/Light-Tissue-Interactions/libGoogleTest.a" />
				</Linker>
			</Target>
			<Target title="GoogleTest">
				<Option output="GoogleTest" prefix_auto="1" extension_auto="1" />
				<Option working_dir="" />
				<Option type="2" />
				<Option compiler="gcc" />
				<Option createDefFile="1" />
				<Compiler>
					<Add directory="googletest/googletest/include" />
					<Add directory="googletest/googletest/src" />
					<Add directory="googletest/googletest" />
					<Add directory="include" />
				</Compiler>
			</Target>
		</Build>
		<Compiler>
			<Add option="-Wall" />
			<Add option="-std=c++17" />
			<Add directory="eigen" />
		</Compiler>
		<Unit filename="AD/AddingDoubling.h" />
		<Unit filename="AD/Angles.h" />
		<Unit filename="AD/DMmethod.h" />
		<Unit filename="AD/Fresnel.h" />
		<Unit filename="AD/LayerInit.h" />
		<Unit filename="AD/Quadrature.h" />
		<Unit filename="AD/RT.h" />
		<Unit filename="AD/RedistributionFunction.h" />
		<Unit filename="Utils/Utils.h" />
		<Unit filename="googletest/googletest/src/gtest-all.cc">
			<Option target="GoogleTest" />
		</Unit>
		<Unit filename="googletest/googletest/src/gtest-death-test.cc">
			<Option target="GoogleTest" />
		</Unit>
		<Unit filename="googletest/googletest/src/gtest-filepath.cc">
			<Option target="GoogleTest" />
		</Unit>
		<Unit filename="googletest/googletest/src/gtest-internal-inl.h">
			<Option target="GoogleTest" />
		</Unit>
		<Unit filename="googletest/googletest/src/gtest-matchers.cc">
			<Option target="GoogleTest" />
		</Unit>
		<Unit filename="googletest/googletest/src/gtest-port.cc">
			<Option target="GoogleTest" />
		</Unit>
		<Unit filename="googletest/googletest/src/gtest-printers.cc">
			<Option target="GoogleTest" />
		</Unit>
		<Unit filename="googletest/googletest/src/gtest-test-part.cc">
			<Option target="GoogleTest" />
		</Unit>
		<Unit filename="googletest/googletest/src/gtest-typed-test.cc">
			<Option target="GoogleTest" />
		</Unit>
		<Unit filename="googletest/googletest/src/gtest.cc">
			<Option target="GoogleTest" />
		</Unit>
		<Unit filename="googletest/googletest/src/gtest_main.cc">
			<Option target="GoogleTest" />
		</Unit>
		<Unit filename="main_ad.cpp" />
		<Extensions>
			<lib_finder disable_auto="1" />
		</Extensions>
	</Project>
</CodeBlocks_project_file>
