<?xml version="1.0" encoding="UTF-8" standalone="yes" ?>
<CodeBlocks_project_file>
	<FileVersion major="1" minor="6" />
	<Project>
		<Option title="ADMC" />
		<Option pch_mode="2" />
		<Option compiler="gcc" />
		<Build>
			<Target title="Debug">
				<Option output="bin/Debug/ADMC" prefix_auto="1" extension_auto="1" />
				<Option object_output="obj/Debug/" />
				<Option type="1" />
				<Option compiler="gcc" />
				<Compiler>
					<Add directory="include" />
				</Compiler>
			</Target>
			<Target title="Release">
				<Option output="bin/Release/ADMC" prefix_auto="1" extension_auto="1" />
				<Option object_output="obj/Release/" />
				<Option type="1" />
				<Option compiler="gcc" />
				<Compiler>
					<Add option="-O2" />
					<Add directory="include" />
				</Compiler>
				<Linker>
					<Add option="-s" />
				</Linker>
			</Target>
		</Build>
		<Compiler>
			<Add option="-Wnon-virtual-dtor" />
			<Add option="-Wshadow" />
			<Add option="-Winit-self" />
			<Add option="-Wundef" />
			<Add option="-Wunreachable-code" />
			<Add option="-Wextra" />
			<Add option="-Wall" />
			<Add option="-std=c++2a" />
			<Add directory="yaml-cpp/include" />
			<Add directory="googletest/googletest/include/" />
		</Compiler>
		<Linker>
			<Add option="-static-libstdc++" />
			<Add option="-static-libgcc" />
			<Add option="-static" />
			<Add library="yaml-cpp/libyaml-cpp.a" />
		</Linker>
		<Unit filename="AD/AddingDoubling.h" />
		<Unit filename="AD/AddingDoublingNelderMead.h" />
		<Unit filename="AD/AddingDoublingTests.h" />
		<Unit filename="AD/CMakeLists.txt" />
		<Unit filename="AD/DeltaMMethod.h" />
		<Unit filename="AD/Eigen_NS.h" />
		<Unit filename="AD/InverseAddingDoubling.h" />
		<Unit filename="AD/InverseAddingDoublingTests.h" />
		<Unit filename="AD/LayerInit.h" />
		<Unit filename="AD/Quadrature.h" />
		<Unit filename="AD/RT.h" />
		<Unit filename="AD/RedistributionFunction.h" />
		<Unit filename="CMakeLists.txt" />
		<Unit filename="Inverse/CMakeLists.txt" />
		<Unit filename="Inverse/FixedParam.h" />
		<Unit filename="Inverse/Helpers.h" />
		<Unit filename="Inverse/NelderMead.h" />
		<Unit filename="MC/CMakeLists.txt" />
		<Unit filename="MC/Detector.h" />
		<Unit filename="MC/Detector/CMakeLists.txt" />
		<Unit filename="MC/Detector/DetectorFactory.h" />
		<Unit filename="MC/Detector/DetectorFactoryTests.h" />
		<Unit filename="MC/Detector/DetectorInterface.h" />
		<Unit filename="MC/Detector/DetectorInterfaceTests.h" />
		<Unit filename="MC/Detector/DetectorProperties.h" />
		<Unit filename="MC/Detector/DetectorType.h" />
		<Unit filename="MC/Detector/DetectorTypeStrings.h" />
		<Unit filename="MC/Detector/DetectorUtils.h" />
		<Unit filename="MC/Detector/DetectorUtilsTests.h" />
		<Unit filename="MC/Detector/DistancesSweep.h" />
		<Unit filename="MC/Detector/FullAbsorber.h" />
		<Unit filename="MC/Detector/FullAbsorberTests.h" />
		<Unit filename="MC/Detector/IntegratingSphereComplex.h" />
		<Unit filename="MC/Detector/IntegratingSphereComplexTests.h" />
		<Unit filename="MC/Detector/IntegratingSphereSimple.h" />
		<Unit filename="MC/Detector/IntegratingSphereSimpleTests.h" />
		<Unit filename="MC/Detector/OpticalFiber.h" />
		<Unit filename="MC/Detector/OpticalFiberTests.h" />
		<Unit filename="MC/IMC.h" />
		<Unit filename="MC/MCTests.h" />
		<Unit filename="MC/MCmultithread.h" />
		<Unit filename="MC/Medium.h" />
		<Unit filename="MC/MonteCarlo.h" />
		<Unit filename="MC/Photon.h" />
		<Unit filename="MC/Sample.h" />
		<Unit filename="Math/Basic.h" />
		<Unit filename="Math/CMakeLists.txt" />
		<Unit filename="Math/Mesh3.h" />
		<Unit filename="Math/Mesh3Tests.h" />
		<Unit filename="Math/Random.h" />
		<Unit filename="Math/RandomTests.h" />
		<Unit filename="Math/Vector3.h" />
		<Unit filename="Physics/Angles.h" />
		<Unit filename="Physics/AnglesTests.h" />
		<Unit filename="Physics/BugerLambert.h" />
		<Unit filename="Physics/BugerLambertTests.h" />
		<Unit filename="Physics/CMakeLists.txt" />
		<Unit filename="Physics/Layer.h" />
		<Unit filename="Physics/LayerTests.h" />
		<Unit filename="Physics/Medium/CMakeLists.txt" />
		<Unit filename="Physics/Medium/MediumArbitrary.h" />
		<Unit filename="Physics/Medium/MediumArbitraryTests.h" />
		<Unit filename="Physics/Medium/MediumConstant.h" />
		<Unit filename="Physics/Medium/MediumConstantTests.h" />
		<Unit filename="Physics/Medium/MediumFactory.h" />
		<Unit filename="Physics/Medium/MediumFactoryTests.h" />
		<Unit filename="Physics/Medium/MediumGlass.h" />
		<Unit filename="Physics/Medium/MediumGlassTests.h" />
		<Unit filename="Physics/Medium/MediumInterface.h" />
		<Unit filename="Physics/Medium/MediumInterfaceTests.h" />
		<Unit filename="Physics/Medium/MediumLinear.h" />
		<Unit filename="Physics/Medium/MediumLinearTests.h" />
		<Unit filename="Physics/Medium/MediumProperties.h" />
		<Unit filename="Physics/Medium/MediumType.h" />
		<Unit filename="Physics/Medium/MediumTypeStrings.h" />
		<Unit filename="Physics/Medium/MediumUtils.h" />
		<Unit filename="Physics/Medium/MediumUtilsTests.h" />
		<Unit filename="Physics/Reflectance.h" />
		<Unit filename="Physics/ReflectanceTests.h" />
		<Unit filename="Physics/Specimen.h" />
		<Unit filename="Physics/SpecimenTests.h" />
		<Unit filename="Settings/CMakeLists.txt" />
		<Unit filename="Settings/SettingsExporterHelpers.h" />
		<Unit filename="Settings/SettingsExporterLayer.h" />
		<Unit filename="Settings/SettingsExporterLayerTests.h" />
		<Unit filename="Settings/SettingsExporterMedium.h" />
		<Unit filename="Settings/SettingsExporterMediumTests.h" />
		<Unit filename="Settings/SettingsExporterSample.h" />
		<Unit filename="Settings/SettingsExporterSampleTests.h" />
		<Unit filename="Settings/SettingsImporterErrors.h" />
		<Unit filename="Settings/SettingsImporterErrorsTests.h" />
		<Unit filename="Settings/SettingsImporterHelpers.h" />
		<Unit filename="Settings/SettingsImporterLayer.h" />
		<Unit filename="Settings/SettingsImporterLayerTests.h" />
		<Unit filename="Settings/SettingsImporterMedium.h" />
		<Unit filename="Settings/SettingsImporterMediumTests.h" />
		<Unit filename="Settings/SettingsImporterSample.h" />
		<Unit filename="Settings/SettingsImporterSampleTests.h" />
		<Unit filename="Settings/SettingsStrings.h" />
		<Unit filename="Settings/settings.yaml" />
		<Unit filename="TODO" />
		<Unit filename="Tests/BenchmarkHelper.h" />
		<Unit filename="Tests/CMakeLists.txt" />
		<Unit filename="Utils/CMakeLists.txt" />
		<Unit filename="Utils/Contracts.h" />
		<Unit filename="Utils/ContractsTests.h" />
		<Unit filename="Utils/ReadFiles.h" />
		<Unit filename="Utils/StringUtils.h" />
		<Unit filename="Utils/StringUtilsTests.h" />
		<Unit filename="Utils/Time.h" />
		<Unit filename="Utils/Utils.h" />
		<Unit filename="Utils/UtilsTests.h" />
		<Unit filename="main_admc.cpp" />
		<Extensions>
			<lib_finder disable_auto="1" />
		</Extensions>
	</Project>
</CodeBlocks_project_file>
