<?xml version="1.0" encoding="UTF-8" standalone="yes" ?>
<CodeBlocks_project_file>
	<FileVersion major="1" minor="6" />
	<Project>
		<Option title="ADMC" />
		<Option pch_mode="2" />
		<Option compiler="gcc" />
		<Build>
			<Target title="Debug">
				<Option output="bin/Debug/ADMC" prefix_auto="1" extension_auto="1" />
				<Option object_output="obj/Debug/" />
				<Option type="1" />
				<Option compiler="gcc" />
				<Compiler>
					<Add option="-g" />
					<Add directory="include" />
				</Compiler>
			</Target>
			<Target title="Release">
				<Option output="bin/Release/ADMC" prefix_auto="1" extension_auto="1" />
				<Option object_output="obj/Release/" />
				<Option type="1" />
				<Option compiler="gcc" />
				<Compiler>
					<Add option="-O2" />
					<Add directory="include" />
				</Compiler>
				<Linker>
					<Add option="-s" />
				</Linker>
			</Target>
		</Build>
		<Compiler>
			<Add option="-Wnon-virtual-dtor" />
			<Add option="-Wshadow" />
			<Add option="-Winit-self" />
			<Add option="-Wundef" />
			<Add option="-Wunreachable-code" />
			<Add option="-Wextra" />
			<Add option="-Wall" />
			<Add option="-std=c++2a" />
			<Add directory="yaml-cpp/include" />
		</Compiler>
		<Linker>
			<Add option="-static-libstdc++" />
			<Add option="-static-libgcc" />
			<Add option="-static" />
			<Add library="yaml-cpp/libyaml-cpp.a" />
		</Linker>
		<Unit filename="AD/AddingDoubling.h" />
		<Unit filename="AD/CMakeLists.txt" />
		<Unit filename="AD/DMmethod.h" />
		<Unit filename="AD/IAD.h" />
		<Unit filename="AD/LayerInit.h" />
		<Unit filename="AD/NelderMead.h" />
		<Unit filename="AD/Quadrature.h" />
		<Unit filename="AD/RT.h" />
		<Unit filename="AD/RedistributionFunction.h" />
		<Unit filename="CMakeLists.txt" />
		<Unit filename="MC/CMakeLists.txt" />
		<Unit filename="MC/Detector.h" />
		<Unit filename="MC/IMC.h" />
		<Unit filename="MC/MCmultithread.h" />
		<Unit filename="MC/Medium.h" />
		<Unit filename="MC/MonteCarlo.h" />
		<Unit filename="MC/Photon.h" />
		<Unit filename="MC/Sample.h" />
		<Unit filename="Math/Basic.h" />
		<Unit filename="Math/CMakeLists.txt" />
		<Unit filename="Math/Mesh3.h" />
		<Unit filename="Math/Mesh3Tests.h" />
		<Unit filename="Math/Random.h" />
		<Unit filename="Math/Vector3.h" />
		<Unit filename="Physics/Angles.h" />
		<Unit filename="Physics/AnglesTests.h" />
		<Unit filename="Physics/BugerLambert.h" />
		<Unit filename="Physics/BugerLambertTests.h" />
		<Unit filename="Physics/CMakeLists.txt" />
		<Unit filename="Physics/Medium/CMakeLists.txt" />
		<Unit filename="Physics/Medium/MediumArbitrary.h" />
		<Unit filename="Physics/Medium/MediumArbitraryTests.h" />
		<Unit filename="Physics/Medium/MediumConstant.h" />
		<Unit filename="Physics/Medium/MediumConstantTests.h" />
		<Unit filename="Physics/Medium/MediumFactory.h" />
		<Unit filename="Physics/Medium/MediumFactoryTests.h" />
		<Unit filename="Physics/Medium/MediumGlass.h" />
		<Unit filename="Physics/Medium/MediumGlassTests.h" />
		<Unit filename="Physics/Medium/MediumInterface.h" />
		<Unit filename="Physics/Medium/MediumInterfaceTests.h" />
		<Unit filename="Physics/Medium/MediumLinear.h" />
		<Unit filename="Physics/Medium/MediumLinearTests.h" />
		<Unit filename="Physics/Medium/MediumProperties.h" />
		<Unit filename="Physics/Medium/MediumType.h" />
		<Unit filename="Physics/Medium/MediumUtils.h" />
		<Unit filename="Physics/Medium/MediumUtilsTests.h" />
		<Unit filename="Physics/Reflectance.h" />
		<Unit filename="Physics/ReflectanceTests.h" />
		<Unit filename="Settings/CMakeLists.txt" />
		<Unit filename="Settings/SettingsImporter.h" />
		<Unit filename="Settings/SettingsImporterErrors.h" />
		<Unit filename="Settings/SettingsImporterErrorsTests.h" />
		<Unit filename="Settings/SettingsImporterMediumType.h" />
		<Unit filename="Settings/SettingsImporterMediumTypeTests.h" />
		<Unit filename="Settings/SettingsImporterStrings.h" />
		<Unit filename="Settings/settings.yaml" />
		<Unit filename="TODO" />
		<Unit filename="Tests/CMakeLists.txt" />
		<Unit filename="Tests/TestAD.h" />
		<Unit filename="Tests/TestIAD.h" />
		<Unit filename="Tests/TestIADStandalone.h" />
		<Unit filename="Tests/TestMC.h" />
		<Unit filename="Tests/TestMCStandalone.h" />
		<Unit filename="Tests/Thresholds.h" />
		<Unit filename="Utils/CMakeLists.txt" />
		<Unit filename="Utils/ReadFiles.h" />
		<Unit filename="Utils/Utils.h" />
		<Unit filename="main_admc.cpp" />
		<Extensions>
			<lib_finder disable_auto="1" />
		</Extensions>
	</Project>
</CodeBlocks_project_file>
