<?xml version="1.0" encoding="UTF-8" standalone="yes" ?>
<CodeBlocks_project_file>
	<FileVersion major="1" minor="6" />
	<Project>
		<Option title="MC" />
		<Option pch_mode="2" />
		<Option compiler="gcc" />
		<Build>
			<Target title="Debug">
				<Option output="bin/Debug/MC" prefix_auto="1" extension_auto="1" />
				<Option object_output="obj/Debug/" />
				<Option type="1" />
				<Option compiler="gcc" />
				<Compiler>
					<Add option="-g" />
					<Add directory="MC" />
				</Compiler>
			</Target>
			<Target title="Release">
				<Option output="bin/Release/MC" prefix_auto="1" extension_auto="1" />
				<Option object_output="obj/Release/" />
				<Option type="1" />
				<Option compiler="gcc" />
				<Compiler>
					<Add option="-O2" />
					<Add directory="MC" />
				</Compiler>
				<Linker>
					<Add option="-s" />
				</Linker>
			</Target>
		</Build>
		<Compiler>
			<Add option="-O2" />
			<Add option="-Wall" />
			<Add option="-std=c++17" />
			<Add option="-fexceptions" />
		</Compiler>
		<Unit filename="MC/BugerLambert.h" />
		<Unit filename="MC/Detector.h" />
		<Unit filename="MC/Fresnel.h" />
		<Unit filename="MC/MCmultithread.h" />
		<Unit filename="MC/Medium.h" />
		<Unit filename="MC/MonteCarlo.h" />
		<Unit filename="MC/Photon.h" />
		<Unit filename="MC/Sample.h" />
		<Unit filename="MC/Vector3.h" />
		<Unit filename="Tests/TestMC.h" />
		<Unit filename="Tests/TestMCStandalone.h" />
		<Unit filename="Tests/Thresholds.h" />
		<Unit filename="Utils/Random.h" />
		<Unit filename="Utils/Utils.h" />
		<Unit filename="main_mc.cpp" />
		<Extensions />
	</Project>
</CodeBlocks_project_file>
